
Microsoft Visual Studio Solution File, Format Version 12.00
# Visual Studio Version 17
VisualStudioVersion = 17.6.33829.357
MinimumVisualStudioVersion = 10.0.40219.1
Project("{FAE04EC0-301F-11D3-BF4B-00C04F79EFBC}") = "PI-laba-2-GameUnits", "PI-laba-2-GameUnits\PI-laba-2-GameUnits.csproj", "{A0B83345-C503-4714-995A-BB2C19622CCD}"
EndProject
Global
	GlobalSection(SolutionConfigurationPlatforms) = preSolution
		Debug|Any CPU = Debug|Any CPU
		Release|Any CPU = Release|Any CPU
	EndGlobalSection
	GlobalSection(ProjectConfigurationPlatforms) = postSolution
		{A0B83345-C503-4714-995A-BB2C19622CCD}.Debug|Any CPU.ActiveCfg = Debug|Any CPU
		{A0B83345-C503-4714-995A-BB2C19622CCD}.Debug|Any CPU.Build.0 = Debug|Any CPU
		{A0B83345-C503-4714-995A-BB2C19622CCD}.Release|Any CPU.ActiveCfg = Release|Any CPU
		{A0B83345-C503-4714-995A-BB2C19622CCD}.Release|Any CPU.Build.0 = Release|Any CPU
	EndGlobalSection
	GlobalSection(SolutionProperties) = preSolution
		HideSolutionNode = FALSE
	EndGlobalSection
	GlobalSection(ExtensibilityGlobals) = postSolution
		SolutionGuid = {88845BE2-3E47-4305-80F5-0CCCC6A7B1DA}
	EndGlobalSection
EndGlobal
